
Microsoft Visual Studio Solution File, Format Version 12.00
# Visual Studio Version 16
VisualStudioVersion = 16.0.31624.102
MinimumVisualStudioVersion = 10.0.40219.1
Project("{FAE04EC0-301F-11D3-BF4B-00C04F79EFBC}") = "LogicaPrograms", "LogicaPrograms.csproj", "{CBC3222B-6F6F-4757-B327-31A0FB48D4D4}"
EndProject
Global
	GlobalSection(SolutionConfigurationPlatforms) = preSolution
		Debug|Any CPU = Debug|Any CPU
		Release|Any CPU = Release|Any CPU
	EndGlobalSection
	GlobalSection(ProjectConfigurationPlatforms) = postSolution
		{CBC3222B-6F6F-4757-B327-31A0FB48D4D4}.Debug|Any CPU.ActiveCfg = Debug|Any CPU
		{CBC3222B-6F6F-4757-B327-31A0FB48D4D4}.Debug|Any CPU.Build.0 = Debug|Any CPU
		{CBC3222B-6F6F-4757-B327-31A0FB48D4D4}.Release|Any CPU.ActiveCfg = Release|Any CPU
		{CBC3222B-6F6F-4757-B327-31A0FB48D4D4}.Release|Any CPU.Build.0 = Release|Any CPU
	EndGlobalSection
	GlobalSection(SolutionProperties) = preSolution
		HideSolutionNode = FALSE
	EndGlobalSection
	GlobalSection(ExtensibilityGlobals) = postSolution
		SolutionGuid = {96E0B7EF-835B-48CD-A208-F15633FE7B4F}
	EndGlobalSection
EndGlobal
